<?xml version="1.0" encoding="UTF-8"?>
<Scheme
   LastUpgradeVersion = "0620"
   version = "1.3">
   <BuildAction
      parallelizeBuildables = "YES"
      buildImplicitDependencies = "YES">
      <BuildActionEntries>
         <BuildActionEntry
            buildForTesting = "YES"
            buildForRunning = "YES"
            buildForProfiling = "YES"
            buildForArchiving = "YES"
            buildForAnalyzing = "YES">
            <BuildableReference
               BuildableIdentifier = "primary"
               BlueprintIdentifier = "9F9E25AF1AB14D1F00B59BFD"
               BuildableName = "#funfacts WatchKit App.app"
               BlueprintName = "#funfacts WatchKit App"
               ReferencedContainer = "container:#funfacts.xcodeproj">
            </BuildableReference>
         </BuildActionEntry>
         <BuildActionEntry
            buildForTesting = "YES"
            buildForRunning = "YES"
            buildForProfiling = "YES"
            buildForArchiving = "YES"
            buildForAnalyzing = "YES">
            <BuildableReference
               BuildableIdentifier = "primary"
               BlueprintIdentifier = "9FB57C64199F2598009F5083"
               BuildableName = "#funfacts.app"
               BlueprintName = "#funfacts"
               ReferencedContainer = "container:#funfacts.xcodeproj">
            </BuildableReference>
         </BuildActionEntry>
         <BuildActionEntry
            buildForTesting = "YES"
            buildForRunning = "YES"
            buildForProfiling = "YES"
            buildForArchiving = "YES"
            buildForAnalyzing = "YES">
            <BuildableReference
               BuildableIdentifier = "primary"
               BlueprintIdentifier = "9F9E25A41AB14D1F00B59BFD"
               BuildableName = "#funfacts WatchKit Extension.appex"
               BlueprintName = "#funfacts WatchKit Extension"
               ReferencedContainer = "container:#funfacts.xcodeproj">
            </BuildableReference>
         </BuildActionEntry>
      </BuildActionEntries>
   </BuildAction>
   <TestAction
      selectedDebuggerIdentifier = "Xcode.DebuggerFoundation.Debugger.LLDB"
      selectedLauncherIdentifier = "Xcode.DebuggerFoundation.Launcher.LLDB"
      shouldUseLaunchSchemeArgsEnv = "YES"
      buildConfiguration = "Debug">
      <Testables>
      </Testables>
      <MacroExpansion>
         <BuildableReference
            BuildableIdentifier = "primary"
            BlueprintIdentifier = "9F9E25AF1AB14D1F00B59BFD"
            BuildableName = "#funfacts WatchKit App.app"
            BlueprintName = "#funfacts WatchKit App"
            ReferencedContainer = "container:#funfacts.xcodeproj">
         </BuildableReference>
      </MacroExpansion>
   </TestAction>
   <LaunchAction
      selectedDebuggerIdentifier = "Xcode.DebuggerFoundation.Debugger.LLDB"
      selectedLauncherIdentifier = "Xcode.DebuggerFoundation.Launcher.LLDB"
      launchStyle = "0"
      useCustomWorkingDirectory = "NO"
      buildConfiguration = "Debug"
      ignoresPersistentStateOnLaunch = "NO"
      debugDocumentVersioning = "YES"
      allowLocationSimulation = "YES">
      <RemoteRunnable
         runnableDebuggingMode = "2"
         BundleIdentifier = "com.apple.springboard"
         RemotePath = "/#funfacts">
         <BuildableReference
            BuildableIdentifier = "primary"
            BlueprintIdentifier = "9F9E25AF1AB14D1F00B59BFD"
            BuildableName = "#funfacts WatchKit App.app"
            BlueprintName = "#funfacts WatchKit App"
            ReferencedContainer = "container:#funfacts.xcodeproj">
         </BuildableReference>
      </RemoteRunnable>
      <MacroExpansion>
         <BuildableReference
            BuildableIdentifier = "primary"
            BlueprintIdentifier = "9F9E25AF1AB14D1F00B59BFD"
            BuildableName = "#funfacts WatchKit App.app"
            BlueprintName = "#funfacts WatchKit App"
            ReferencedContainer = "container:#funfacts.xcodeproj">
         </BuildableReference>
      </MacroExpansion>
      <AdditionalOptions>
      </AdditionalOptions>
   </LaunchAction>
   <ProfileAction
      shouldUseLaunchSchemeArgsEnv = "YES"
      savedToolIdentifier = ""
      useCustomWorkingDirectory = "NO"
      buildConfiguration = "Release"
      debugDocumentVersioning = "YES">
      <RemoteRunnable
         runnableDebuggingMode = "2"
         BundleIdentifier = "com.apple.springboard"
         RemotePath = "/#funfacts">
         <BuildableReference
            BuildableIdentifier = "primary"
            BlueprintIdentifier = "9F9E25AF1AB14D1F00B59BFD"
            BuildableName = "#funfacts WatchKit App.app"
            BlueprintName = "#funfacts WatchKit App"
            ReferencedContainer = "container:#funfacts.xcodeproj">
         </BuildableReference>
      </RemoteRunnable>
      <MacroExpansion>
         <BuildableReference
            BuildableIdentifier = "primary"
            BlueprintIdentifier = "9F9E25AF1AB14D1F00B59BFD"
            BuildableName = "#funfacts WatchKit App.app"
            BlueprintName = "#funfacts WatchKit App"
            ReferencedContainer = "container:#funfacts.xcodeproj">
         </BuildableReference>
      </MacroExpansion>
   </ProfileAction>
   <AnalyzeAction
      buildConfiguration = "Debug">
   </AnalyzeAction>
   <ArchiveAction
      buildConfiguration = "Release"
      revealArchiveInOrganizer = "YES">
   </ArchiveAction>
</Scheme>
